// !$*UTF8*$!
{
	archiveVersion = 1;
	classes = {
	};
	objectVersion = 55;
	objects = {

/* Begin PBXBuildFile section */
		635AA04F27E55B3F0056F692 /* words.txt in Resources */ = {isa = PBXBuildFile; fileRef = 635AA04E27E55B3F0056F692 /* words.txt */; };
		636C728D27E3ED4E00C281A9 /* AppDelegate.swift in Sources */ = {isa = PBXBuildFile; fileRef = 636C728C27E3ED4E00C281A9 /* AppDelegate.swift */; };
		636C728F27E3ED4E00C281A9 /* SceneDelegate.swift in Sources */ = {isa = PBXBuildFile; fileRef = 636C728E27E3ED4E00C281A9 /* SceneDelegate.swift */; };
		636C729127E3ED4E00C281A9 /* ViewController.swift in Sources */ = {isa = PBXBuildFile; fileRef = 636C729027E3ED4E00C281A9 /* ViewController.swift */; };
		636C729427E3ED4E00C281A9 /* Main.storyboard in Resources */ = {isa = PBXBuildFile; fileRef = 636C729227E3ED4E00C281A9 /* Main.storyboard */; };
		636C729627E3ED4E00C281A9 /* Assets.xcassets in Resources */ = {isa = PBXBuildFile; fileRef = 636C729527E3ED4E00C281A9 /* Assets.xcassets */; };
		636C729927E3ED4E00C281A9 /* LaunchScreen.storyboard in Resources */ = {isa = PBXBuildFile; fileRef = 636C729727E3ED4E00C281A9 /* LaunchScreen.storyboard */; };
		636C72A327E3F2AE00C281A9 /* KeyboardViewController.swift in Sources */ = {isa = PBXBuildFile; fileRef = 636C72A227E3F2AE00C281A9 /* KeyboardViewController.swift */; };
		636C72A527E3F2C300C281A9 /* BoardViewController.swift in Sources */ = {isa = PBXBuildFile; fileRef = 636C72A427E3F2C300C281A9 /* BoardViewController.swift */; };
		636C72A727E3FBE100C281A9 /* KeyCell.swift in Sources */ = {isa = PBXBuildFile; fileRef = 636C72A627E3FBE100C281A9 /* KeyCell.swift */; };
/* End PBXBuildFile section */

/* Begin PBXFileReference section */
		635AA04E27E55B3F0056F692 /* words.txt */ = {isa = PBXFileReference; lastKnownFileType = text; path = words.txt; sourceTree = "<group>"; };
		636C728927E3ED4E00C281A9 /* WordleClone.app */ = {isa = PBXFileReference; explicitFileType = wrapper.application; includeInIndex = 0; path = WordleClone.app; sourceTree = BUILT_PRODUCTS_DIR; };
		636C728C27E3ED4E00C281A9 /* AppDelegate.swift */ = {isa = PBXFileReference; lastKnownFileType = sourcecode.swift; path = AppDelegate.swift; sourceTree = "<group>"; };
		636C728E27E3ED4E00C281A9 /* SceneDelegate.swift */ = {isa = PBXFileReference; lastKnownFileType = sourcecode.swift; path = SceneDelegate.swift; sourceTree = "<group>"; };
		636C729027E3ED4E00C281A9 /* ViewController.swift */ = {isa = PBXFileReference; lastKnownFileType = sourcecode.swift; path = ViewController.swift; sourceTree = "<group>"; };
		636C729327E3ED4E00C281A9 /* Base */ = {isa = PBXFileReference; lastKnownFileType = file.storyboard; name = Base; path = Base.lproj/Main.storyboard; sourceTree = "<group>"; };
		636C729527E3ED4E00C281A9 /* Assets.xcassets */ = {isa = PBXFileReference; lastKnownFileType = folder.assetcatalog; path = Assets.xcassets; sourceTree = "<group>"; };
		636C729827E3ED4E00C281A9 /* Base */ = {isa = PBXFileReference; lastKnownFileType = file.storyboard; name = Base; path = Base.lproj/LaunchScreen.storyboard; sourceTree = "<group>"; };
		636C729A27E3ED4E00C281A9 /* Info.plist */ = {isa = PBXFileReference; lastKnownFileType = text.plist.xml; path = Info.plist; sourceTree = "<group>"; };
		636C72A227E3F2AE00C281A9 /* KeyboardViewController.swift */ = {isa = PBXFileReference; lastKnownFileType = sourcecode.swift; path = KeyboardViewController.swift; sourceTree = "<group>"; };
		636C72A427E3F2C300C281A9 /* BoardViewController.swift */ = {isa = PBXFileReference; lastKnownFileType = sourcecode.swift; path = BoardViewController.swift; sourceTree = "<group>"; };
		636C72A627E3FBE100C281A9 /* KeyCell.swift */ = {isa = PBXFileReference; lastKnownFileType = sourcecode.swift; path = KeyCell.swift; sourceTree = "<group>"; };
/* End PBXFileReference section */

/* Begin PBXFrameworksBuildPhase section */
		636C728627E3ED4E00C281A9 /* Frameworks */ = {
			isa = PBXFrameworksBuildPhase;
			buildActionMask = 2147483647;
			files = (
			);
			runOnlyForDeploymentPostprocessing = 0;
		};
/* End PBXFrameworksBuildPhase section */

/* Begin PBXGroup section */
		636C728027E3ED4E00C281A9 = {
			isa = PBXGroup;
			children = (
				636C728B27E3ED4E00C281A9 /* WordleClone */,
				636C728A27E3ED4E00C281A9 /* Products */,
			);
			sourceTree = "<group>";
		};
		636C728A27E3ED4E00C281A9 /* Products */ = {
			isa = PBXGroup;
			children = (
				636C728927E3ED4E00C281A9 /* WordleClone.app */,
			);
			name = Products;
			sourceTree = "<group>";
		};
		636C728B27E3ED4E00C281A9 /* WordleClone */ = {
			isa = PBXGroup;
			children = (
				636C72A127E3F1E200C281A9 /* Oher */,
				636C72A027E3F1D500C281A9 /* Core */,
				636C729A27E3ED4E00C281A9 /* Info.plist */,
				635AA04E27E55B3F0056F692 /* words.txt */,
			);
			path = WordleClone;
			sourceTree = "<group>";
		};
		636C72A027E3F1D500C281A9 /* Core */ = {
			isa = PBXGroup;
			children = (
				636C729027E3ED4E00C281A9 /* ViewController.swift */,
				636C72A227E3F2AE00C281A9 /* KeyboardViewController.swift */,
				636C72A427E3F2C300C281A9 /* BoardViewController.swift */,
				636C72A627E3FBE100C281A9 /* KeyCell.swift */,
			);
			path = Core;
			sourceTree = "<group>";
		};
		636C72A127E3F1E200C281A9 /* Oher */ = {
			isa = PBXGroup;
			children = (
				636C728C27E3ED4E00C281A9 /* AppDelegate.swift */,
				636C728E27E3ED4E00C281A9 /* SceneDelegate.swift */,
				636C729227E3ED4E00C281A9 /* Main.storyboard */,
				636C729527E3ED4E00C281A9 /* Assets.xcassets */,
				636C729727E3ED4E00C281A9 /* LaunchScreen.storyboard */,
			);
			path = Oher;
			sourceTree = "<group>";
		};
/* End PBXGroup section */

/* Begin PBXNativeTarget section */
		636C728827E3ED4E00C281A9 /* WordleClone */ = {
			isa = PBXNativeTarget;
			buildConfigurationList = 636C729D27E3ED4E00C281A9 /* Build configuration list for PBXNativeTarget "WordleClone" */;
			buildPhases = (
				636C728527E3ED4E00C281A9 /* Sources */,
				636C728627E3ED4E00C281A9 /* Frameworks */,
				636C728727E3ED4E00C281A9 /* Resources */,
			);
			buildRules = (
			);
			dependencies = (
			);
			name = WordleClone;
			productName = WordleClone;
			productReference = 636C728927E3ED4E00C281A9 /* WordleClone.app */;
			productType = "com.apple.product-type.application";
		};
/* End PBXNativeTarget section */

/* Begin PBXProject section */
		636C728127E3ED4E00C281A9 /* Project object */ = {
			isa = PBXProject;
			attributes = {
				BuildIndependentTargetsInParallel = 1;
				LastSwiftUpdateCheck = 1320;
				LastUpgradeCheck = 1320;
				TargetAttributes = {
					636C728827E3ED4E00C281A9 = {
						CreatedOnToolsVersion = 13.2.1;
					};
				};
			};
			buildConfigurationList = 636C728427E3ED4E00C281A9 /* Build configuration list for PBXProject "WordleClone" */;
			compatibilityVersion = "Xcode 13.0";
			developmentRegion = en;
			hasScannedForEncodings = 0;
			knownRegions = (
				en,
				Base,
			);
			mainGroup = 636C728027E3ED4E00C281A9;
			productRefGroup = 636C728A27E3ED4E00C281A9 /* Products */;
			projectDirPath = "";
			projectRoot = "";
			targets = (
				636C728827E3ED4E00C281A9 /* WordleClone */,
			);
		};
/* End PBXProject section */

/* Begin PBXResourcesBuildPhase section */
		636C728727E3ED4E00C281A9 /* Resources */ = {
			isa = PBXResourcesBuildPhase;
			buildActionMask = 2147483647;
			files = (
				635AA04F27E55B3F0056F692 /* words.txt in Resources */,
				636C729927E3ED4E00C281A9 /* LaunchScreen.storyboard in Resources */,
				636C729627E3ED4E00C281A9 /* Assets.xcassets in Resources */,
				636C729427E3ED4E00C281A9 /* Main.storyboard in Resources */,
			);
			runOnlyForDeploymentPostprocessing = 0;
		};
/* End PBXResourcesBuildPhase section */

/* Begin PBXSourcesBuildPhase section */
		636C728527E3ED4E00C281A9 /* Sources */ = {
			isa = PBXSourcesBuildPhase;
			buildActionMask = 2147483647;
			files = (
				636C729127E3ED4E00C281A9 /* ViewController.swift in Sources */,
				636C728D27E3ED4E00C281A9 /* AppDelegate.swift in Sources */,
				636C728F27E3ED4E00C281A9 /* SceneDelegate.swift in Sources */,
				636C72A727E3FBE100C281A9 /* KeyCell.swift in Sources */,
				636C72A327E3F2AE00C281A9 /* KeyboardViewController.swift in Sources */,
				636C72A527E3F2C300C281A9 /* BoardViewController.swift in Sources */,
			);
			runOnlyForDeploymentPostprocessing = 0;
		};
/* End PBXSourcesBuildPhase section */

/* Begin PBXVariantGroup section */
		636C729227E3ED4E00C281A9 /* Main.storyboard */ = {
			isa = PBXVariantGroup;
			children = (
				636C729327E3ED4E00C281A9 /* Base */,
			);
			name = Main.storyboard;
			sourceTree = "<group>";
		};
		636C729727E3ED4E00C281A9 /* LaunchScreen.storyboard */ = {
			isa = PBXVariantGroup;
			children = (
				636C729827E3ED4E00C281A9 /* Base */,
			);
			name = LaunchScreen.storyboard;
			sourceTree = "<group>";
		};
/* End PBXVariantGroup section */

/* Begin XCBuildConfiguration section */
		636C729B27E3ED4E00C281A9 /* Debug */ = {
			isa = XCBuildConfiguration;
			buildSettings = {
				ALWAYS_SEARCH_USER_PATHS = NO;
				CLANG_ANALYZER_NONNULL = YES;
				CLANG_ANALYZER_NUMBER_OBJECT_CONVERSION = YES_AGGRESSIVE;
				CLANG_CXX_LANGUAGE_STANDARD = "gnu++17";
				CLANG_CXX_LIBRARY = "libc++";
				CLANG_ENABLE_MODULES = YES;
				CLANG_ENABLE_OBJC_ARC = YES;
				CLANG_ENABLE_OBJC_WEAK = YES;
				CLANG_WARN_BLOCK_CAPTURE_AUTORELEASING = YES;
				CLANG_WARN_BOOL_CONVERSION = YES;
				CLANG_WARN_COMMA = YES;
				CLANG_WARN_CONSTANT_CONVERSION = YES;
				CLANG_WARN_DEPRECATED_OBJC_IMPLEMENTATIONS = YES;
				CLANG_WARN_DIRECT_OBJC_ISA_USAGE = YES_ERROR;
				CLANG_WARN_DOCUMENTATION_COMMENTS = YES;
				CLANG_WARN_EMPTY_BODY = YES;
				CLANG_WARN_ENUM_CONVERSION = YES;
				CLANG_WARN_INFINITE_RECURSION = YES;
				CLANG_WARN_INT_CONVERSION = YES;
				CLANG_WARN_NON_LITERAL_NULL_CONVERSION = YES;
				CLANG_WARN_OBJC_IMPLICIT_RETAIN_SELF = YES;
				CLANG_WARN_OBJC_LITERAL_CONVERSION = YES;
				CLANG_WARN_OBJC_ROOT_CLASS = YES_ERROR;
				CLANG_WARN_QUOTED_INCLUDE_IN_FRAMEWORK_HEADER = YES;
				CLANG_WARN_RANGE_LOOP_ANALYSIS = YES;
				CLANG_WARN_STRICT_PROTOTYPES = YES;
				CLANG_WARN_SUSPICIOUS_MOVE = YES;
				CLANG_WARN_UNGUARDED_AVAILABILITY = YES_AGGRESSIVE;
				CLANG_WARN_UNREACHABLE_CODE = YES;
				CLANG_WARN__DUPLICATE_METHOD_MATCH = YES;
				COPY_PHASE_STRIP = NO;
				DEBUG_INFORMATION_FORMAT = dwarf;
				ENABLE_STRICT_OBJC_MSGSEND = YES;
				ENABLE_TESTABILITY = YES;
				GCC_C_LANGUAGE_STANDARD = gnu11;
				GCC_DYNAMIC_NO_PIC = NO;
				GCC_NO_COMMON_BLOCKS = YES;
				GCC_OPTIMIZATION_LEVEL = 0;
				GCC_PREPROCESSOR_DEFINITIONS = (
					"DEBUG=1",
					"$(inherited)",
				);
				GCC_WARN_64_TO_32_BIT_CONVERSION = YES;
				GCC_WARN_ABOUT_RETURN_TYPE = YES_ERROR;
				GCC_WARN_UNDECLARED_SELECTOR = YES;
				GCC_WARN_UNINITIALIZED_AUTOS = YES_AGGRESSIVE;
				GCC_WARN_UNUSED_FUNCTION = YES;
				GCC_WARN_UNUSED_VARIABLE = YES;
				IPHONEOS_DEPLOYMENT_TARGET = 15.2;
				MTL_ENABLE_DEBUG_INFO = INCLUDE_SOURCE;
				MTL_FAST_MATH = YES;
				ONLY_ACTIVE_ARCH = YES;
				SDKROOT = iphoneos;
				SWIFT_ACTIVE_COMPILATION_CONDITIONS = DEBUG;
				SWIFT_OPTIMIZATION_LEVEL = "-Onone";
			};
			name = Debug;
		};
		636C729C27E3ED4E00C281A9 /* Release */ = {
			isa = XCBuildConfiguration;
			buildSettings = {
				ALWAYS_SEARCH_USER_PATHS = NO;
				CLANG_ANALYZER_NONNULL = YES;
				CLANG_ANALYZER_NUMBER_OBJECT_CONVERSION = YES_AGGRESSIVE;
				CLANG_CXX_LANGUAGE_STANDARD = "gnu++17";
				CLANG_CXX_LIBRARY = "libc++";
				CLANG_ENABLE_MODULES = YES;
				CLANG_ENABLE_OBJC_ARC = YES;
				CLANG_ENABLE_OBJC_WEAK = YES;
				CLANG_WARN_BLOCK_CAPTURE_AUTORELEASING = YES;
				CLANG_WARN_BOOL_CONVERSION = YES;
				CLANG_WARN_COMMA = YES;
				CLANG_WARN_CONSTANT_CONVERSION = YES;
				CLANG_WARN_DEPRECATED_OBJC_IMPLEMENTATIONS = YES;
				CLANG_WARN_DIRECT_OBJC_ISA_USAGE = YES_ERROR;
				CLANG_WARN_DOCUMENTATION_COMMENTS = YES;
				CLANG_WARN_EMPTY_BODY = YES;
				CLANG_WARN_ENUM_CONVERSION = YES;
				CLANG_WARN_INFINITE_RECURSION = YES;
				CLANG_WARN_INT_CONVERSION = YES;
				CLANG_WARN_NON_LITERAL_NULL_CONVERSION = YES;
				CLANG_WARN_OBJC_IMPLICIT_RETAIN_SELF = YES;
				CLANG_WARN_OBJC_LITERAL_CONVERSION = YES;
				CLANG_WARN_OBJC_ROOT_CLASS = YES_ERROR;
				CLANG_WARN_QUOTED_INCLUDE_IN_FRAMEWORK_HEADER = YES;
				CLANG_WARN_RANGE_LOOP_ANALYSIS = YES;
				CLANG_WARN_STRICT_PROTOTYPES = YES;
				CLANG_WARN_SUSPICIOUS_MOVE = YES;
				CLANG_WARN_UNGUARDED_AVAILABILITY = YES_AGGRESSIVE;
				CLANG_WARN_UNREACHABLE_CODE = YES;
				CLANG_WARN__DUPLICATE_METHOD_MATCH = YES;
				COPY_PHASE_STRIP = NO;
				DEBUG_INFORMATION_FORMAT = "dwarf-with-dsym";
				ENABLE_NS_ASSERTIONS = NO;
				ENABLE_STRICT_OBJC_MSGSEND = YES;
				GCC_C_LANGUAGE_STANDARD = gnu11;
				GCC_NO_COMMON_BLOCKS = YES;
				GCC_WARN_64_TO_32_BIT_CONVERSION = YES;
				GCC_WARN_ABOUT_RETURN_TYPE = YES_ERROR;
				GCC_WARN_UNDECLARED_SELECTOR = YES;
				GCC_WARN_UNINITIALIZED_AUTOS = YES_AGGRESSIVE;
				GCC_WARN_UNUSED_FUNCTION = YES;
				GCC_WARN_UNUSED_VARIABLE = YES;
				IPHONEOS_DEPLOYMENT_TARGET = 15.2;
				MTL_ENABLE_DEBUG_INFO = NO;
				MTL_FAST_MATH = YES;
				SDKROOT = iphoneos;
				SWIFT_COMPILATION_MODE = wholemodule;
				SWIFT_OPTIMIZATION_LEVEL = "-O";
				VALIDATE_PRODUCT = YES;
			};
			name = Release;
		};
		636C729E27E3ED4E00C281A9 /* Debug */ = {
			isa = XCBuildConfiguration;
			buildSettings = {
				ASSETCATALOG_COMPILER_APPICON_NAME = AppIcon;
				ASSETCATALOG_COMPILER_GLOBAL_ACCENT_COLOR_NAME = AccentColor;
				CODE_SIGN_STYLE = Automatic;
				CURRENT_PROJECT_VERSION = 1;
				GENERATE_INFOPLIST_FILE = YES;
				INFOPLIST_FILE = WordleClone/Info.plist;
				INFOPLIST_KEY_UIApplicationSupportsIndirectInputEvents = YES;
				INFOPLIST_KEY_UILaunchStoryboardName = LaunchScreen;
				INFOPLIST_KEY_UIMainStoryboardFile = Main;
				INFOPLIST_KEY_UISupportedInterfaceOrientations_iPad = "UIInterfaceOrientationPortrait UIInterfaceOrientationPortraitUpsideDown UIInterfaceOrientationLandscapeLeft UIInterfaceOrientationLandscapeRight";
				INFOPLIST_KEY_UISupportedInterfaceOrientations_iPhone = "UIInterfaceOrientationPortrait UIInterfaceOrientationLandscapeLeft UIInterfaceOrientationLandscapeRight";
				LD_RUNPATH_SEARCH_PATHS = (
					"$(inherited)",
					"@executable_path/Frameworks",
				);
				MARKETING_VERSION = 1.0;
				PRODUCT_BUNDLE_IDENTIFIER = com.utkucanbalkir.WordleClone;
				PRODUCT_NAME = "$(TARGET_NAME)";
				SWIFT_EMIT_LOC_STRINGS = YES;
				SWIFT_VERSION = 5.0;
				TARGETED_DEVICE_FAMILY = 1;
			};
			name = Debug;
		};
		636C729F27E3ED4E00C281A9 /* Release */ = {
			isa = XCBuildConfiguration;
			buildSettings = {
				ASSETCATALOG_COMPILER_APPICON_NAME = AppIcon;
				ASSETCATALOG_COMPILER_GLOBAL_ACCENT_COLOR_NAME = AccentColor;
				CODE_SIGN_STYLE = Automatic;
				CURRENT_PROJECT_VERSION = 1;
				GENERATE_INFOPLIST_FILE = YES;
				INFOPLIST_FILE = WordleClone/Info.plist;
				INFOPLIST_KEY_UIApplicationSupportsIndirectInputEvents = YES;
				INFOPLIST_KEY_UILaunchStoryboardName = LaunchScreen;
				INFOPLIST_KEY_UIMainStoryboardFile = Main;
				INFOPLIST_KEY_UISupportedInterfaceOrientations_iPad = "UIInterfaceOrientationPortrait UIInterfaceOrientationPortraitUpsideDown UIInterfaceOrientationLandscapeLeft UIInterfaceOrientationLandscapeRight";
				INFOPLIST_KEY_UISupportedInterfaceOrientations_iPhone = "UIInterfaceOrientationPortrait UIInterfaceOrientationLandscapeLeft UIInterfaceOrientationLandscapeRight";
				LD_RUNPATH_SEARCH_PATHS = (
					"$(inherited)",
					"@executable_path/Frameworks",
				);
				MARKETING_VERSION = 1.0;
				PRODUCT_BUNDLE_IDENTIFIER = com.utkucanbalkir.WordleClone;
				PRODUCT_NAME = "$(TARGET_NAME)";
				SWIFT_EMIT_LOC_STRINGS = YES;
				SWIFT_VERSION = 5.0;
				TARGETED_DEVICE_FAMILY = 1;
			};
			name = Release;
		};
/* End XCBuildConfiguration section */

/* Begin XCConfigurationList section */
		636C728427E3ED4E00C281A9 /* Build configuration list for PBXProject "WordleClone" */ = {
			isa = XCConfigurationList;
			buildConfigurations = (
				636C729B27E3ED4E00C281A9 /* Debug */,
				636C729C27E3ED4E00C281A9 /* Release */,
			);
			defaultConfigurationIsVisible = 0;
			defaultConfigurationName = Release;
		};
		636C729D27E3ED4E00C281A9 /* Build configuration list for PBXNativeTarget "WordleClone" */ = {
			isa = XCConfigurationList;
			buildConfigurations = (
				636C729E27E3ED4E00C281A9 /* Debug */,
				636C729F27E3ED4E00C281A9 /* Release */,
			);
			defaultConfigurationIsVisible = 0;
			defaultConfigurationName = Release;
		};
/* End XCConfigurationList section */
	};
	rootObject = 636C728127E3ED4E00C281A9 /* Project object */;
}
